{
  "originHash" : "0907b9dde47bc647ef5530899a3fcfafb9ab3f6a29f6a95ca7246cb5f2dabecc",
  "pins" : [
    {
      "identity" : "ios-streamingest-sdk",
      "kind" : "remoteSourceControl",
      "location" : "https://github.com/BlendVision/iOS-StreamIngest-SDK",
      "state" : {
        "branch" : "dev",
        "revision" : "a596221467dceb7a14b052788a9f89f0621d9dc6"
      }
    }
  ],
  "version" : 3
}
