{
  "originHash" : "0907b9dde47bc647ef5530899a3fcfafb9ab3f6a29f6a95ca7246cb5f2dabecc",
  "pins" : [
    {
      "identity" : "ios-streamingest-sdk",
      "kind" : "remoteSourceControl",
      "location" : "https://github.com/BlendVision/iOS-StreamIngest-SDK",
      "state" : {
        "revision" : "757de23b3d0d399a9ec31e7c4c6d5d7861c2b2c3",
        "version" : "3.0.0-beta.1"
      }
    }
  ],
  "version" : 3
}
