{
  "originHash" : "0907b9dde47bc647ef5530899a3fcfafb9ab3f6a29f6a95ca7246cb5f2dabecc",
  "pins" : [
    {
      "identity" : "ios-streamingest-sdk",
      "kind" : "remoteSourceControl",
      "location" : "https://github.com/BlendVision/iOS-StreamIngest-SDK",
      "state" : {
        "revision" : "30c0bad702461296cdd63dcc5a5af58510b4cb10",
        "version" : "2.4.0"
      }
    }
  ],
  "version" : 3
}
