// !$*UTF8*$!
{
	archiveVersion = 1;
	classes = {
	};
	objectVersion = 56;
	objects = {

/* Begin PBXBuildFile section */
		0C49DF412BB66B6D00381053 /* AppDelegate.swift in Sources */ = {isa = PBXBuildFile; fileRef = 0C49DF402BB66B6D00381053 /* AppDelegate.swift */; };
		0C49DF432BB66B6D00381053 /* SceneDelegate.swift in Sources */ = {isa = PBXBuildFile; fileRef = 0C49DF422BB66B6D00381053 /* SceneDelegate.swift */; };
		0C49DF452BB66B6D00381053 /* ViewController.swift in Sources */ = {isa = PBXBuildFile; fileRef = 0C49DF442BB66B6D00381053 /* ViewController.swift */; };
		0C49DF482BB66B6D00381053 /* Base in Resources */ = {isa = PBXBuildFile; fileRef = 0C49DF472BB66B6D00381053 /* Base */; };
		0C49DF4A2BB66B6F00381053 /* Assets.xcassets in Resources */ = {isa = PBXBuildFile; fileRef = 0C49DF492BB66B6F00381053 /* Assets.xcassets */; };
		0C49DF4D2BB66B6F00381053 /* Base in Resources */ = {isa = PBXBuildFile; fileRef = 0C49DF4C2BB66B6F00381053 /* Base */; };
		0C49DF5C2BB66F1500381053 /* ControlView.swift in Sources */ = {isa = PBXBuildFile; fileRef = 0C49DF572BB66F1500381053 /* ControlView.swift */; };
		0C49DF5D2BB66F1500381053 /* IngestViewController.swift in Sources */ = {isa = PBXBuildFile; fileRef = 0C49DF582BB66F1500381053 /* IngestViewController.swift */; };
		0C49DF5E2BB66F1500381053 /* Preference.swift in Sources */ = {isa = PBXBuildFile; fileRef = 0C49DF592BB66F1500381053 /* Preference.swift */; };
		0C49DF5F2BB66F1500381053 /* SettingsViewController.swift in Sources */ = {isa = PBXBuildFile; fileRef = 0C49DF5A2BB66F1500381053 /* SettingsViewController.swift */; };
		0C49DF612BB6707200381053 /* EffectStreamIngestViewController.swift in Sources */ = {isa = PBXBuildFile; fileRef = 0C49DF602BB6707200381053 /* EffectStreamIngestViewController.swift */; };
		A38B33022D0BD78600C042C2 /* bv-streamingest in Frameworks */ = {isa = PBXBuildFile; productRef = A38B33012D0BD78600C042C2 /* bv-streamingest */; };
/* End PBXBuildFile section */

/* Begin PBXCopyFilesBuildPhase section */
		A38B32BB2D0B508D00C042C2 /* Embed Frameworks */ = {
			isa = PBXCopyFilesBuildPhase;
			buildActionMask = 2147483647;
			dstPath = "";
			dstSubfolderSpec = 10;
			files = (
			);
			name = "Embed Frameworks";
			runOnlyForDeploymentPostprocessing = 0;
		};
/* End PBXCopyFilesBuildPhase section */

/* Begin PBXFileReference section */
		0C49DF3D2BB66B6D00381053 /* BasicEffectStreamIngesting.app */ = {isa = PBXFileReference; explicitFileType = wrapper.application; includeInIndex = 0; path = BasicEffectStreamIngesting.app; sourceTree = BUILT_PRODUCTS_DIR; };
		0C49DF402BB66B6D00381053 /* AppDelegate.swift */ = {isa = PBXFileReference; lastKnownFileType = sourcecode.swift; path = AppDelegate.swift; sourceTree = "<group>"; };
		0C49DF422BB66B6D00381053 /* SceneDelegate.swift */ = {isa = PBXFileReference; lastKnownFileType = sourcecode.swift; path = SceneDelegate.swift; sourceTree = "<group>"; };
		0C49DF442BB66B6D00381053 /* ViewController.swift */ = {isa = PBXFileReference; lastKnownFileType = sourcecode.swift; path = ViewController.swift; sourceTree = "<group>"; };
		0C49DF472BB66B6D00381053 /* Base */ = {isa = PBXFileReference; lastKnownFileType = file.storyboard; name = Base; path = Base.lproj/Main.storyboard; sourceTree = "<group>"; };
		0C49DF492BB66B6F00381053 /* Assets.xcassets */ = {isa = PBXFileReference; lastKnownFileType = folder.assetcatalog; path = Assets.xcassets; sourceTree = "<group>"; };
		0C49DF4C2BB66B6F00381053 /* Base */ = {isa = PBXFileReference; lastKnownFileType = file.storyboard; name = Base; path = Base.lproj/LaunchScreen.storyboard; sourceTree = "<group>"; };
		0C49DF4E2BB66B6F00381053 /* Info.plist */ = {isa = PBXFileReference; lastKnownFileType = text.plist.xml; path = Info.plist; sourceTree = "<group>"; };
		0C49DF572BB66F1500381053 /* ControlView.swift */ = {isa = PBXFileReference; fileEncoding = 4; lastKnownFileType = sourcecode.swift; path = ControlView.swift; sourceTree = "<group>"; };
		0C49DF582BB66F1500381053 /* IngestViewController.swift */ = {isa = PBXFileReference; fileEncoding = 4; lastKnownFileType = sourcecode.swift; path = IngestViewController.swift; sourceTree = "<group>"; };
		0C49DF592BB66F1500381053 /* Preference.swift */ = {isa = PBXFileReference; fileEncoding = 4; lastKnownFileType = sourcecode.swift; path = Preference.swift; sourceTree = "<group>"; };
		0C49DF5A2BB66F1500381053 /* SettingsViewController.swift */ = {isa = PBXFileReference; fileEncoding = 4; lastKnownFileType = sourcecode.swift; path = SettingsViewController.swift; sourceTree = "<group>"; };
		0C49DF602BB6707200381053 /* EffectStreamIngestViewController.swift */ = {isa = PBXFileReference; fileEncoding = 4; lastKnownFileType = sourcecode.swift; path = EffectStreamIngestViewController.swift; sourceTree = "<group>"; };
/* End PBXFileReference section */

/* Begin PBXFrameworksBuildPhase section */
		0C49DF3A2BB66B6D00381053 /* Frameworks */ = {
			isa = PBXFrameworksBuildPhase;
			buildActionMask = 2147483647;
			files = (
				A38B33022D0BD78600C042C2 /* bv-streamingest in Frameworks */,
			);
			runOnlyForDeploymentPostprocessing = 0;
		};
/* End PBXFrameworksBuildPhase section */

/* Begin PBXGroup section */
		0C49DF342BB66B6D00381053 = {
			isa = PBXGroup;
			children = (
				0C49DF3F2BB66B6D00381053 /* BasicEffectStreamIngesting */,
				0C49DF3E2BB66B6D00381053 /* Products */,
			);
			sourceTree = "<group>";
		};
		0C49DF3E2BB66B6D00381053 /* Products */ = {
			isa = PBXGroup;
			children = (
				0C49DF3D2BB66B6D00381053 /* BasicEffectStreamIngesting.app */,
			);
			name = Products;
			sourceTree = "<group>";
		};
		0C49DF3F2BB66B6D00381053 /* BasicEffectStreamIngesting */ = {
			isa = PBXGroup;
			children = (
				0C49DF5B2BB66F1500381053 /* Source */,
				0C49DF402BB66B6D00381053 /* AppDelegate.swift */,
				0C49DF422BB66B6D00381053 /* SceneDelegate.swift */,
				0C49DF442BB66B6D00381053 /* ViewController.swift */,
				0C49DF462BB66B6D00381053 /* Main.storyboard */,
				0C49DF492BB66B6F00381053 /* Assets.xcassets */,
				0C49DF4B2BB66B6F00381053 /* LaunchScreen.storyboard */,
				0C49DF4E2BB66B6F00381053 /* Info.plist */,
			);
			path = BasicEffectStreamIngesting;
			sourceTree = "<group>";
		};
		0C49DF5B2BB66F1500381053 /* Source */ = {
			isa = PBXGroup;
			children = (
				0C49DF602BB6707200381053 /* EffectStreamIngestViewController.swift */,
				0C49DF572BB66F1500381053 /* ControlView.swift */,
				0C49DF582BB66F1500381053 /* IngestViewController.swift */,
				0C49DF592BB66F1500381053 /* Preference.swift */,
				0C49DF5A2BB66F1500381053 /* SettingsViewController.swift */,
			);
			path = Source;
			sourceTree = "<group>";
		};
/* End PBXGroup section */

/* Begin PBXNativeTarget section */
		0C49DF3C2BB66B6D00381053 /* BasicEffectStreamIngesting */ = {
			isa = PBXNativeTarget;
			buildConfigurationList = 0C49DF512BB66B6F00381053 /* Build configuration list for PBXNativeTarget "BasicEffectStreamIngesting" */;
			buildPhases = (
				0C49DF392BB66B6D00381053 /* Sources */,
				0C49DF3A2BB66B6D00381053 /* Frameworks */,
				0C49DF3B2BB66B6D00381053 /* Resources */,
				A38B32BB2D0B508D00C042C2 /* Embed Frameworks */,
			);
			buildRules = (
			);
			dependencies = (
			);
			name = BasicEffectStreamIngesting;
			packageProductDependencies = (
				A38B33012D0BD78600C042C2 /* bv-streamingest */,
			);
			productName = BasicEffectStreamIngesting;
			productReference = 0C49DF3D2BB66B6D00381053 /* BasicEffectStreamIngesting.app */;
			productType = "com.apple.product-type.application";
		};
/* End PBXNativeTarget section */

/* Begin PBXProject section */
		0C49DF352BB66B6D00381053 /* Project object */ = {
			isa = PBXProject;
			attributes = {
				BuildIndependentTargetsInParallel = 1;
				LastSwiftUpdateCheck = 1530;
				LastUpgradeCheck = 1530;
				TargetAttributes = {
					0C49DF3C2BB66B6D00381053 = {
						CreatedOnToolsVersion = 15.3;
					};
				};
			};
			buildConfigurationList = 0C49DF382BB66B6D00381053 /* Build configuration list for PBXProject "BasicEffectStreamIngesting" */;
			compatibilityVersion = "Xcode 14.0";
			developmentRegion = en;
			hasScannedForEncodings = 0;
			knownRegions = (
				en,
				Base,
			);
			mainGroup = 0C49DF342BB66B6D00381053;
			packageReferences = (
				A38B33002D0BD78600C042C2 /* XCRemoteSwiftPackageReference "iOS-StreamIngest-SDK" */,
			);
			productRefGroup = 0C49DF3E2BB66B6D00381053 /* Products */;
			projectDirPath = "";
			projectRoot = "";
			targets = (
				0C49DF3C2BB66B6D00381053 /* BasicEffectStreamIngesting */,
			);
		};
/* End PBXProject section */

/* Begin PBXResourcesBuildPhase section */
		0C49DF3B2BB66B6D00381053 /* Resources */ = {
			isa = PBXResourcesBuildPhase;
			buildActionMask = 2147483647;
			files = (
				0C49DF4A2BB66B6F00381053 /* Assets.xcassets in Resources */,
				0C49DF4D2BB66B6F00381053 /* Base in Resources */,
				0C49DF482BB66B6D00381053 /* Base in Resources */,
			);
			runOnlyForDeploymentPostprocessing = 0;
		};
/* End PBXResourcesBuildPhase section */

/* Begin PBXSourcesBuildPhase section */
		0C49DF392BB66B6D00381053 /* Sources */ = {
			isa = PBXSourcesBuildPhase;
			buildActionMask = 2147483647;
			files = (
				0C49DF5C2BB66F1500381053 /* ControlView.swift in Sources */,
				0C49DF452BB66B6D00381053 /* ViewController.swift in Sources */,
				0C49DF5F2BB66F1500381053 /* SettingsViewController.swift in Sources */,
				0C49DF612BB6707200381053 /* EffectStreamIngestViewController.swift in Sources */,
				0C49DF412BB66B6D00381053 /* AppDelegate.swift in Sources */,
				0C49DF432BB66B6D00381053 /* SceneDelegate.swift in Sources */,
				0C49DF5E2BB66F1500381053 /* Preference.swift in Sources */,
				0C49DF5D2BB66F1500381053 /* IngestViewController.swift in Sources */,
			);
			runOnlyForDeploymentPostprocessing = 0;
		};
/* End PBXSourcesBuildPhase section */

/* Begin PBXVariantGroup section */
		0C49DF462BB66B6D00381053 /* Main.storyboard */ = {
			isa = PBXVariantGroup;
			children = (
				0C49DF472BB66B6D00381053 /* Base */,
			);
			name = Main.storyboard;
			sourceTree = "<group>";
		};
		0C49DF4B2BB66B6F00381053 /* LaunchScreen.storyboard */ = {
			isa = PBXVariantGroup;
			children = (
				0C49DF4C2BB66B6F00381053 /* Base */,
			);
			name = LaunchScreen.storyboard;
			sourceTree = "<group>";
		};
/* End PBXVariantGroup section */

/* Begin XCBuildConfiguration section */
		0C49DF4F2BB66B6F00381053 /* Debug */ = {
			isa = XCBuildConfiguration;
			buildSettings = {
				ALWAYS_SEARCH_USER_PATHS = NO;
				ASSETCATALOG_COMPILER_GENERATE_SWIFT_ASSET_SYMBOL_EXTENSIONS = YES;
				CLANG_ANALYZER_NONNULL = YES;
				CLANG_ANALYZER_NUMBER_OBJECT_CONVERSION = YES_AGGRESSIVE;
				CLANG_CXX_LANGUAGE_STANDARD = "gnu++20";
				CLANG_ENABLE_MODULES = YES;
				CLANG_ENABLE_OBJC_ARC = YES;
				CLANG_ENABLE_OBJC_WEAK = YES;
				CLANG_WARN_BLOCK_CAPTURE_AUTORELEASING = YES;
				CLANG_WARN_BOOL_CONVERSION = YES;
				CLANG_WARN_COMMA = YES;
				CLANG_WARN_CONSTANT_CONVERSION = YES;
				CLANG_WARN_DEPRECATED_OBJC_IMPLEMENTATIONS = YES;
				CLANG_WARN_DIRECT_OBJC_ISA_USAGE = YES_ERROR;
				CLANG_WARN_DOCUMENTATION_COMMENTS = YES;
				CLANG_WARN_EMPTY_BODY = YES;
				CLANG_WARN_ENUM_CONVERSION = YES;
				CLANG_WARN_INFINITE_RECURSION = YES;
				CLANG_WARN_INT_CONVERSION = YES;
				CLANG_WARN_NON_LITERAL_NULL_CONVERSION = YES;
				CLANG_WARN_OBJC_IMPLICIT_RETAIN_SELF = YES;
				CLANG_WARN_OBJC_LITERAL_CONVERSION = YES;
				CLANG_WARN_OBJC_ROOT_CLASS = YES_ERROR;
				CLANG_WARN_QUOTED_INCLUDE_IN_FRAMEWORK_HEADER = YES;
				CLANG_WARN_RANGE_LOOP_ANALYSIS = YES;
				CLANG_WARN_STRICT_PROTOTYPES = YES;
				CLANG_WARN_SUSPICIOUS_MOVE = YES;
				CLANG_WARN_UNGUARDED_AVAILABILITY = YES_AGGRESSIVE;
				CLANG_WARN_UNREACHABLE_CODE = YES;
				CLANG_WARN__DUPLICATE_METHOD_MATCH = YES;
				COPY_PHASE_STRIP = NO;
				DEBUG_INFORMATION_FORMAT = dwarf;
				ENABLE_STRICT_OBJC_MSGSEND = YES;
				ENABLE_TESTABILITY = YES;
				ENABLE_USER_SCRIPT_SANDBOXING = YES;
				GCC_C_LANGUAGE_STANDARD = gnu17;
				GCC_DYNAMIC_NO_PIC = NO;
				GCC_NO_COMMON_BLOCKS = YES;
				GCC_OPTIMIZATION_LEVEL = 0;
				GCC_PREPROCESSOR_DEFINITIONS = (
					"DEBUG=1",
					"$(inherited)",
				);
				GCC_WARN_64_TO_32_BIT_CONVERSION = YES;
				GCC_WARN_ABOUT_RETURN_TYPE = YES_ERROR;
				GCC_WARN_UNDECLARED_SELECTOR = YES;
				GCC_WARN_UNINITIALIZED_AUTOS = YES_AGGRESSIVE;
				GCC_WARN_UNUSED_FUNCTION = YES;
				GCC_WARN_UNUSED_VARIABLE = YES;
				IPHONEOS_DEPLOYMENT_TARGET = 14.0;
				LOCALIZATION_PREFERS_STRING_CATALOGS = YES;
				MTL_ENABLE_DEBUG_INFO = INCLUDE_SOURCE;
				MTL_FAST_MATH = YES;
				ONLY_ACTIVE_ARCH = YES;
				SDKROOT = iphoneos;
				SWIFT_ACTIVE_COMPILATION_CONDITIONS = "DEBUG $(inherited)";
				SWIFT_OPTIMIZATION_LEVEL = "-Onone";
			};
			name = Debug;
		};
		0C49DF502BB66B6F00381053 /* Release */ = {
			isa = XCBuildConfiguration;
			buildSettings = {
				ALWAYS_SEARCH_USER_PATHS = NO;
				ASSETCATALOG_COMPILER_GENERATE_SWIFT_ASSET_SYMBOL_EXTENSIONS = YES;
				CLANG_ANALYZER_NONNULL = YES;
				CLANG_ANALYZER_NUMBER_OBJECT_CONVERSION = YES_AGGRESSIVE;
				CLANG_CXX_LANGUAGE_STANDARD = "gnu++20";
				CLANG_ENABLE_MODULES = YES;
				CLANG_ENABLE_OBJC_ARC = YES;
				CLANG_ENABLE_OBJC_WEAK = YES;
				CLANG_WARN_BLOCK_CAPTURE_AUTORELEASING = YES;
				CLANG_WARN_BOOL_CONVERSION = YES;
				CLANG_WARN_COMMA = YES;
				CLANG_WARN_CONSTANT_CONVERSION = YES;
				CLANG_WARN_DEPRECATED_OBJC_IMPLEMENTATIONS = YES;
				CLANG_WARN_DIRECT_OBJC_ISA_USAGE = YES_ERROR;
				CLANG_WARN_DOCUMENTATION_COMMENTS = YES;
				CLANG_WARN_EMPTY_BODY = YES;
				CLANG_WARN_ENUM_CONVERSION = YES;
				CLANG_WARN_INFINITE_RECURSION = YES;
				CLANG_WARN_INT_CONVERSION = YES;
				CLANG_WARN_NON_LITERAL_NULL_CONVERSION = YES;
				CLANG_WARN_OBJC_IMPLICIT_RETAIN_SELF = YES;
				CLANG_WARN_OBJC_LITERAL_CONVERSION = YES;
				CLANG_WARN_OBJC_ROOT_CLASS = YES_ERROR;
				CLANG_WARN_QUOTED_INCLUDE_IN_FRAMEWORK_HEADER = YES;
				CLANG_WARN_RANGE_LOOP_ANALYSIS = YES;
				CLANG_WARN_STRICT_PROTOTYPES = YES;
				CLANG_WARN_SUSPICIOUS_MOVE = YES;
				CLANG_WARN_UNGUARDED_AVAILABILITY = YES_AGGRESSIVE;
				CLANG_WARN_UNREACHABLE_CODE = YES;
				CLANG_WARN__DUPLICATE_METHOD_MATCH = YES;
				COPY_PHASE_STRIP = NO;
				DEBUG_INFORMATION_FORMAT = "dwarf-with-dsym";
				ENABLE_NS_ASSERTIONS = NO;
				ENABLE_STRICT_OBJC_MSGSEND = YES;
				ENABLE_USER_SCRIPT_SANDBOXING = YES;
				GCC_C_LANGUAGE_STANDARD = gnu17;
				GCC_NO_COMMON_BLOCKS = YES;
				GCC_WARN_64_TO_32_BIT_CONVERSION = YES;
				GCC_WARN_ABOUT_RETURN_TYPE = YES_ERROR;
				GCC_WARN_UNDECLARED_SELECTOR = YES;
				GCC_WARN_UNINITIALIZED_AUTOS = YES_AGGRESSIVE;
				GCC_WARN_UNUSED_FUNCTION = YES;
				GCC_WARN_UNUSED_VARIABLE = YES;
				IPHONEOS_DEPLOYMENT_TARGET = 14.0;
				LOCALIZATION_PREFERS_STRING_CATALOGS = YES;
				MTL_ENABLE_DEBUG_INFO = NO;
				MTL_FAST_MATH = YES;
				SDKROOT = iphoneos;
				SWIFT_COMPILATION_MODE = wholemodule;
				VALIDATE_PRODUCT = YES;
			};
			name = Release;
		};
		0C49DF522BB66B6F00381053 /* Debug */ = {
			isa = XCBuildConfiguration;
			buildSettings = {
				ASSETCATALOG_COMPILER_APPICON_NAME = AppIcon;
				ASSETCATALOG_COMPILER_GLOBAL_ACCENT_COLOR_NAME = AccentColor;
				CODE_SIGN_STYLE = Automatic;
				CURRENT_PROJECT_VERSION = 1;
				DEVELOPMENT_TEAM = 72M2493FFK;
				FRAMEWORK_SEARCH_PATHS = (
					"$(inherited)",
					"$(PROJECT_DIR)",
				);
				GENERATE_INFOPLIST_FILE = YES;
				INFOPLIST_FILE = BasicEffectStreamIngesting/Info.plist;
				INFOPLIST_KEY_NSCameraUsageDescription = "The app want to use the camera";
				INFOPLIST_KEY_NSMicrophoneUsageDescription = "The app want to use the microphone";
				INFOPLIST_KEY_UIApplicationSupportsIndirectInputEvents = YES;
				INFOPLIST_KEY_UILaunchStoryboardName = LaunchScreen;
				INFOPLIST_KEY_UIMainStoryboardFile = Main;
				INFOPLIST_KEY_UISupportedInterfaceOrientations_iPad = "UIInterfaceOrientationPortrait UIInterfaceOrientationPortraitUpsideDown UIInterfaceOrientationLandscapeLeft UIInterfaceOrientationLandscapeRight";
				INFOPLIST_KEY_UISupportedInterfaceOrientations_iPhone = "UIInterfaceOrientationPortrait UIInterfaceOrientationLandscapeLeft UIInterfaceOrientationLandscapeRight";
				LD_RUNPATH_SEARCH_PATHS = (
					"$(inherited)",
					"@executable_path/Frameworks",
				);
				MARKETING_VERSION = 1.0;
				OTHER_LDFLAGS = (
					"-ObjC",
					"-lc++",
					"-framework",
					CoreMotion,
				);
				PRODUCT_BUNDLE_IDENTIFIER = KKSTEST.Example;
				PRODUCT_NAME = "$(TARGET_NAME)";
				SWIFT_EMIT_LOC_STRINGS = YES;
				SWIFT_VERSION = 5.0;
				TARGETED_DEVICE_FAMILY = "1,2";
			};
			name = Debug;
		};
		0C49DF532BB66B6F00381053 /* Release */ = {
			isa = XCBuildConfiguration;
			buildSettings = {
				ASSETCATALOG_COMPILER_APPICON_NAME = AppIcon;
				ASSETCATALOG_COMPILER_GLOBAL_ACCENT_COLOR_NAME = AccentColor;
				CODE_SIGN_STYLE = Automatic;
				CURRENT_PROJECT_VERSION = 1;
				DEVELOPMENT_TEAM = 72M2493FFK;
				FRAMEWORK_SEARCH_PATHS = (
					"$(inherited)",
					"$(PROJECT_DIR)",
				);
				GENERATE_INFOPLIST_FILE = YES;
				INFOPLIST_FILE = BasicEffectStreamIngesting/Info.plist;
				INFOPLIST_KEY_NSCameraUsageDescription = "The app want to use the camera";
				INFOPLIST_KEY_NSMicrophoneUsageDescription = "The app want to use the microphone";
				INFOPLIST_KEY_UIApplicationSupportsIndirectInputEvents = YES;
				INFOPLIST_KEY_UILaunchStoryboardName = LaunchScreen;
				INFOPLIST_KEY_UIMainStoryboardFile = Main;
				INFOPLIST_KEY_UISupportedInterfaceOrientations_iPad = "UIInterfaceOrientationPortrait UIInterfaceOrientationPortraitUpsideDown UIInterfaceOrientationLandscapeLeft UIInterfaceOrientationLandscapeRight";
				INFOPLIST_KEY_UISupportedInterfaceOrientations_iPhone = "UIInterfaceOrientationPortrait UIInterfaceOrientationLandscapeLeft UIInterfaceOrientationLandscapeRight";
				LD_RUNPATH_SEARCH_PATHS = (
					"$(inherited)",
					"@executable_path/Frameworks",
				);
				MARKETING_VERSION = 1.0;
				OTHER_LDFLAGS = (
					"-ObjC",
					"-lc++",
					"-framework",
					CoreMotion,
				);
				PRODUCT_BUNDLE_IDENTIFIER = KKSTEST.Example;
				PRODUCT_NAME = "$(TARGET_NAME)";
				SWIFT_EMIT_LOC_STRINGS = YES;
				SWIFT_VERSION = 5.0;
				TARGETED_DEVICE_FAMILY = "1,2";
			};
			name = Release;
		};
/* End XCBuildConfiguration section */

/* Begin XCConfigurationList section */
		0C49DF382BB66B6D00381053 /* Build configuration list for PBXProject "BasicEffectStreamIngesting" */ = {
			isa = XCConfigurationList;
			buildConfigurations = (
				0C49DF4F2BB66B6F00381053 /* Debug */,
				0C49DF502BB66B6F00381053 /* Release */,
			);
			defaultConfigurationIsVisible = 0;
			defaultConfigurationName = Release;
		};
		0C49DF512BB66B6F00381053 /* Build configuration list for PBXNativeTarget "BasicEffectStreamIngesting" */ = {
			isa = XCConfigurationList;
			buildConfigurations = (
				0C49DF522BB66B6F00381053 /* Debug */,
				0C49DF532BB66B6F00381053 /* Release */,
			);
			defaultConfigurationIsVisible = 0;
			defaultConfigurationName = Release;
		};
/* End XCConfigurationList section */

/* Begin XCRemoteSwiftPackageReference section */
		A38B33002D0BD78600C042C2 /* XCRemoteSwiftPackageReference "iOS-StreamIngest-SDK" */ = {
			isa = XCRemoteSwiftPackageReference;
			repositoryURL = "https://github.com/BlendVision/iOS-StreamIngest-SDK";
			requirement = {
				branch = dev;
				kind = branch;
			};
		};
/* End XCRemoteSwiftPackageReference section */

/* Begin XCSwiftPackageProductDependency section */
		A38B33012D0BD78600C042C2 /* bv-streamingest */ = {
			isa = XCSwiftPackageProductDependency;
			package = A38B33002D0BD78600C042C2 /* XCRemoteSwiftPackageReference "iOS-StreamIngest-SDK" */;
			productName = "bv-streamingest";
		};
/* End XCSwiftPackageProductDependency section */
	};
	rootObject = 0C49DF352BB66B6D00381053 /* Project object */;
}
